
Microsoft Visual Studio Solution File, Format Version 12.00
# Visual Studio Version 16
VisualStudioVersion = 16.0.31702.278
MinimumVisualStudioVersion = 10.0.40219.1
Project("{FAE04EC0-301F-11D3-BF4B-00C04F79EFBC}") = "ADO.netEmployeePayRollService", "ADO.netEmployeePayRollService.csproj", "{0C3FEAE7-5FA1-4496-B915-95B8E71BC4CF}"
EndProject
Global
	GlobalSection(SolutionConfigurationPlatforms) = preSolution
		Debug|Any CPU = Debug|Any CPU
		Release|Any CPU = Release|Any CPU
	EndGlobalSection
	GlobalSection(ProjectConfigurationPlatforms) = postSolution
		{0C3FEAE7-5FA1-4496-B915-95B8E71BC4CF}.Debug|Any CPU.ActiveCfg = Debug|Any CPU
		{0C3FEAE7-5FA1-4496-B915-95B8E71BC4CF}.Debug|Any CPU.Build.0 = Debug|Any CPU
		{0C3FEAE7-5FA1-4496-B915-95B8E71BC4CF}.Release|Any CPU.ActiveCfg = Release|Any CPU
		{0C3FEAE7-5FA1-4496-B915-95B8E71BC4CF}.Release|Any CPU.Build.0 = Release|Any CPU
	EndGlobalSection
	GlobalSection(SolutionProperties) = preSolution
		HideSolutionNode = FALSE
	EndGlobalSection
	GlobalSection(ExtensibilityGlobals) = postSolution
		SolutionGuid = {4377F410-3C73-407A-AC8D-5A2CE44E700F}
	EndGlobalSection
EndGlobal
